{
  "version": 1,
  "dependencies": {
    "net10.0": {
      "CommandLineParser": {
        "type": "Direct",
        "requested": "[2.*, )",
        "resolved": "2.9.1",
        "contentHash": "OE0sl1/sQ37bjVsPKKtwQlWDgqaxWgtme3xZz7JssWUzg5JpMIyHgCTY9MVMxOg48fJ1AgGT3tgdH5m/kQ5xhA=="
      },
      "KubernetesClient": {
        "type": "Direct",
        "requested": "[18.*, )",
        "resolved": "18.0.13",
        "contentHash": "X5IuxmydftB148XeULtc7rD5/RvqLuW5SzkIjFovPgJpvV4RAoRqNPruVB7GEFu1Xg+zHVIk88WqdV8JjbgHbA==",
        "dependencies": {
          "Fractions": "7.3.0",
          "YamlDotNet": "16.3.0"
        }
      },
      "LightInject.Microsoft.AspNetCore.Hosting": {
        "type": "Direct",
        "requested": "[2.*, )",
        "resolved": "2.3.5",
        "contentHash": "JtpBcbZH7OGc42Dg00x5V8EiMNOFRRT4zvjkxJNsfMJ/va3luTauBmBpyMmNpwWcMvIaye2zJrMDP8rQTnZm/A==",
        "dependencies": {
          "LightInject.Microsoft.DependencyInjection": "3.3.6"
        }
      },
      "Serilog.AspNetCore": {
        "type": "Direct",
        "requested": "[9.*, )",
        "resolved": "9.0.0",
        "contentHash": "JslDajPlBsn3Pww1554flJFTqROvK9zz9jONNQgn0D8Lx2Trw8L0A8/n6zEQK1DAZWXrJwiVLw8cnTR3YFuYsg==",
        "dependencies": {
          "Serilog": "4.2.0",
          "Serilog.Extensions.Hosting": "9.0.0",
          "Serilog.Formatting.Compact": "3.0.0",
          "Serilog.Settings.Configuration": "9.0.0",
          "Serilog.Sinks.Console": "6.0.0",
          "Serilog.Sinks.Debug": "3.0.0",
          "Serilog.Sinks.File": "6.0.0"
        }
      },
      "Stateless": {
        "type": "Direct",
        "requested": "[5.*, )",
        "resolved": "5.20.1",
        "contentHash": "jQeuXgIeXEjFAImajavoxvJNcevO+zyK+9ICGzy0LRe/e1tP4vJUnO4Yrg6rP601wYRnulQs59mQH73TbIZzNg=="
      },
      "Tomlyn.Extensions.Configuration": {
        "type": "Direct",
        "requested": "[1.*, )",
        "resolved": "1.0.6",
        "contentHash": "w1cLHk07xwAaxh5JO7hEzEL35BRhVwSB1Ysy+wmZ2Lith8Pz1sYRi3ab5xqJ+09qlo4o3xYFL6azFYB5xEXPXA==",
        "dependencies": {
          "Tomlyn": "0.14.3"
        }
      },
      "Fractions": {
        "type": "Transitive",
        "resolved": "7.3.0",
        "contentHash": "2bETFWLBc8b7Ut2SVi+bxhGVwiSpknHYGBh2PADyGWONLkTxT7bKyDRhF8ao+XUv90tq8Fl7GTPxSI5bacIRJw=="
      },
      "LightInject": {
        "type": "Transitive",
        "resolved": "6.4.0",
        "contentHash": "WjrY67fnaUJzBSnb7wiaZUOSl7gmxjfg+xo+GrHI55jz0YZR2b5ZB+lDOM5XDu2+2+/OnVT3y4+6BOv6xTqo9w=="
      },
      "LightInject.Microsoft.DependencyInjection": {
        "type": "Transitive",
        "resolved": "3.3.6",
        "contentHash": "JDXVDWoA3wtwzb3CwMt2jZC/VBKSv9uv9+lFZ5XSUhkLCZGvM/ABlNZZ4hyA1DnKfgned1UcSTGadlBtXgrieQ==",
        "dependencies": {
          "LightInject": "6.4.0"
        }
      },
      "Microsoft.Extensions.DependencyModel": {
        "type": "Transitive",
        "resolved": "9.0.0",
        "contentHash": "saxr2XzwgDU77LaQfYFXmddEDRUKHF4DaGMZkNB3qjdVSZlax3//dGJagJkKrGMIPNZs2jVFXITyCCR6UHJNdA=="
      },
      "Serilog": {
        "type": "Transitive",
        "resolved": "4.2.0",
        "contentHash": "gmoWVOvKgbME8TYR+gwMf7osROiWAURterc6Rt2dQyX7wtjZYpqFiA/pY6ztjGQKKV62GGCyOcmtP1UKMHgSmA=="
      },
      "Serilog.Extensions.Hosting": {
        "type": "Transitive",
        "resolved": "9.0.0",
        "contentHash": "u2TRxuxbjvTAldQn7uaAwePkWxTHIqlgjelekBtilAGL5sYyF3+65NWctN4UrwwGLsDC7c3Vz3HnOlu+PcoxXg==",
        "dependencies": {
          "Serilog": "4.2.0",
          "Serilog.Extensions.Logging": "9.0.0"
        }
      },
      "Serilog.Extensions.Logging": {
        "type": "Transitive",
        "resolved": "9.0.0",
        "contentHash": "NwSSYqPJeKNzl5AuXVHpGbr6PkZJFlNa14CdIebVjK3k/76kYj/mz5kiTRNVSsSaxM8kAIa1kpy/qyT9E4npRQ==",
        "dependencies": {
          "Serilog": "4.2.0"
        }
      },
      "Serilog.Formatting.Compact": {
        "type": "Transitive",
        "resolved": "3.0.0",
        "contentHash": "wQsv14w9cqlfB5FX2MZpNsTawckN4a8dryuNGbebB/3Nh1pXnROHZov3swtu3Nj5oNG7Ba+xdu7Et/ulAUPanQ==",
        "dependencies": {
          "Serilog": "4.0.0"
        }
      },
      "Serilog.Settings.Configuration": {
        "type": "Transitive",
        "resolved": "9.0.0",
        "contentHash": "4/Et4Cqwa+F88l5SeFeNZ4c4Z6dEAIKbu3MaQb2Zz9F/g27T5a3wvfMcmCOaAiACjfUb4A6wrlTVfyYUZk3RRQ==",
        "dependencies": {
          "Microsoft.Extensions.DependencyModel": "9.0.0",
          "Serilog": "4.2.0"
        }
      },
      "Serilog.Sinks.Console": {
        "type": "Transitive",
        "resolved": "6.0.0",
        "contentHash": "fQGWqVMClCP2yEyTXPIinSr5c+CBGUvBybPxjAGcf7ctDhadFhrQw03Mv8rJ07/wR5PDfFjewf2LimvXCDzpbA==",
        "dependencies": {
          "Serilog": "4.0.0"
        }
      },
      "Serilog.Sinks.Debug": {
        "type": "Transitive",
        "resolved": "3.0.0",
        "contentHash": "4BzXcdrgRX7wde9PmHuYd9U6YqycCC28hhpKonK7hx0wb19eiuRj16fPcPSVp0o/Y1ipJuNLYQ00R3q2Zs8FDA==",
        "dependencies": {
          "Serilog": "4.0.0"
        }
      },
      "Serilog.Sinks.File": {
        "type": "Transitive",
        "resolved": "6.0.0",
        "contentHash": "lxjg89Y8gJMmFxVkbZ+qDgjl+T4yC5F7WSLTvA+5q0R04tfKVLRL/EHpYoJ/MEQd2EeCKDuylBIVnAYMotmh2A==",
        "dependencies": {
          "Serilog": "4.0.0"
        }
      },
      "Tomlyn": {
        "type": "Transitive",
        "resolved": "0.20.0",
        "contentHash": "Z8TmFcz6oeULVSVGDvbF1h+gnCoy/6NbWrlsQg9f2i+lzqXtUoU4+2RJIm8/s/14uSu0OqTv6JcSngTw3tlkTQ=="
      },
      "YamlDotNet": {
        "type": "Transitive",
        "resolved": "16.3.0",
        "contentHash": "SgMOdxbz8X65z8hraIs6hOEdnkH6hESTAIUa7viEngHOYaH+6q5XJmwr1+yb9vJpNQ19hCQY69xbFsLtXpobQA=="
      },
      "queil.ring.configuration": {
        "type": "Project",
        "dependencies": {
          "Tomlyn": "[0.*, )"
        }
      },
      "queil.ring.protocol": {
        "type": "Project"
      }
    }
  }
}