{
  "version": 1,
  "dependencies": {
    "net8.0": {
      "CommandLineParser": {
        "type": "Direct",
        "requested": "[2.*, )",
        "resolved": "2.9.1",
        "contentHash": "OE0sl1/sQ37bjVsPKKtwQlWDgqaxWgtme3xZz7JssWUzg5JpMIyHgCTY9MVMxOg48fJ1AgGT3tgdH5m/kQ5xhA=="
      },
      "KubernetesClient": {
        "type": "Direct",
        "requested": "[17.*, )",
        "resolved": "17.0.4",
        "contentHash": "cpWJdHP2HM2/p+GCeZf5vdIZrmGcRmfJeCJYg7YCbyYrWvIPFdR0daFdBj1k1DDZ9hIgqf6h4EvXF8pz49lDAA==",
        "dependencies": {
          "Fractions": "7.3.0",
          "YamlDotNet": "16.3.0"
        }
      },
      "LightInject.Microsoft.AspNetCore.Hosting": {
        "type": "Direct",
        "requested": "[2.*, )",
        "resolved": "2.3.5",
        "contentHash": "JtpBcbZH7OGc42Dg00x5V8EiMNOFRRT4zvjkxJNsfMJ/va3luTauBmBpyMmNpwWcMvIaye2zJrMDP8rQTnZm/A==",
        "dependencies": {
          "LightInject.Microsoft.DependencyInjection": "3.3.6",
          "Microsoft.AspNetCore.Hosting": "2.2.7"
        }
      },
      "Microsoft.AspNetCore.Hosting": {
        "type": "Direct",
        "requested": "[2.*, )",
        "resolved": "2.3.0",
        "contentHash": "JI/AVsh5OIZu0l2LpuQVUEYKHyLgeXV9uPiGf/IfF3r5sXj/Zcb2tpyxdVMM7y91+V8AUk/ZfwmEkf7pivT8xQ==",
        "dependencies": {
          "Microsoft.AspNetCore.Hosting.Abstractions": "2.3.0",
          "Microsoft.AspNetCore.Http": "2.3.0",
          "Microsoft.AspNetCore.Http.Extensions": "2.3.0",
          "Microsoft.Extensions.Configuration": "8.0.0",
          "Microsoft.Extensions.Configuration.EnvironmentVariables": "8.0.0",
          "Microsoft.Extensions.Configuration.FileExtensions": "8.0.1",
          "Microsoft.Extensions.DependencyInjection": "8.0.1",
          "Microsoft.Extensions.FileProviders.Physical": "8.0.0",
          "Microsoft.Extensions.Hosting.Abstractions": "8.0.1",
          "Microsoft.Extensions.Logging": "8.0.1",
          "Microsoft.Extensions.Logging.Debug": "8.0.1",
          "Microsoft.Extensions.Options": "8.0.2",
          "System.Diagnostics.DiagnosticSource": "8.0.1",
          "System.Reflection.Metadata": "8.0.1"
        }
      },
      "Microsoft.AspNetCore.Server.Kestrel": {
        "type": "Direct",
        "requested": "[2.*, )",
        "resolved": "2.3.0",
        "contentHash": "jRd17AS6jLTFqg9m0bzP4F8KYwbBlEzpfTxitJoEUL5ZxO3pynpo7gOP01WkXNf1dZCwbuephsdjgtZ875RNzQ==",
        "dependencies": {
          "Microsoft.AspNetCore.Hosting": "2.3.0",
          "Microsoft.AspNetCore.Server.Kestrel.Core": "2.3.0",
          "Microsoft.AspNetCore.Server.Kestrel.Https": "2.3.0",
          "Microsoft.AspNetCore.Server.Kestrel.Transport.Sockets": "2.3.0",
          "System.IO.Pipelines": "8.0.0"
        }
      },
      "Microsoft.AspNetCore.WebSockets": {
        "type": "Direct",
        "requested": "[2.*, )",
        "resolved": "2.3.0",
        "contentHash": "+T4zpnVPkIjvvkyhTH3WBJlTfqmTBRozvnMudAUDvcb4e+NrWf52q8BXh52rkCrBgX6Cudf6F/UhZwTowyBtKg==",
        "dependencies": {
          "Microsoft.AspNetCore.Http.Extensions": "2.3.0",
          "Microsoft.Extensions.Options": "8.0.2",
          "System.Net.WebSockets.WebSocketProtocol": "5.1.0"
        }
      },
      "Serilog.AspNetCore": {
        "type": "Direct",
        "requested": "[8.*, )",
        "resolved": "8.0.3",
        "contentHash": "Y5at41mc0OV982DEJslBKHd6uzcWO6POwR3QceJ6gtpMPxCzm4+FElGPF0RdaTD7MGsP6XXE05LMbSi0NO+sXg==",
        "dependencies": {
          "Microsoft.Extensions.Logging": "8.0.0",
          "Serilog": "3.1.1",
          "Serilog.Extensions.Hosting": "8.0.0",
          "Serilog.Formatting.Compact": "2.0.0",
          "Serilog.Settings.Configuration": "8.0.4",
          "Serilog.Sinks.Console": "5.0.0",
          "Serilog.Sinks.Debug": "2.0.0",
          "Serilog.Sinks.File": "5.0.0"
        }
      },
      "Stateless": {
        "type": "Direct",
        "requested": "[5.*, )",
        "resolved": "5.18.0",
        "contentHash": "klgTnBb3OQhnCtiuHkL2o/bHg8Bolpvqpc0sl8OE2qJkDCMmlVbsrOtbMvGxjGFms+KL9Ia4FEfotAR2IjxB9g=="
      },
      "Tomlyn.Extensions.Configuration": {
        "type": "Direct",
        "requested": "[1.*, )",
        "resolved": "1.0.6",
        "contentHash": "w1cLHk07xwAaxh5JO7hEzEL35BRhVwSB1Ysy+wmZ2Lith8Pz1sYRi3ab5xqJ+09qlo4o3xYFL6azFYB5xEXPXA==",
        "dependencies": {
          "Microsoft.Extensions.Configuration.FileExtensions": "5.0.0",
          "Tomlyn": "0.14.3"
        }
      },
      "Fractions": {
        "type": "Transitive",
        "resolved": "7.3.0",
        "contentHash": "2bETFWLBc8b7Ut2SVi+bxhGVwiSpknHYGBh2PADyGWONLkTxT7bKyDRhF8ao+XUv90tq8Fl7GTPxSI5bacIRJw=="
      },
      "LightInject": {
        "type": "Transitive",
        "resolved": "6.4.0",
        "contentHash": "WjrY67fnaUJzBSnb7wiaZUOSl7gmxjfg+xo+GrHI55jz0YZR2b5ZB+lDOM5XDu2+2+/OnVT3y4+6BOv6xTqo9w=="
      },
      "LightInject.Microsoft.DependencyInjection": {
        "type": "Transitive",
        "resolved": "3.3.6",
        "contentHash": "JDXVDWoA3wtwzb3CwMt2jZC/VBKSv9uv9+lFZ5XSUhkLCZGvM/ABlNZZ4hyA1DnKfgned1UcSTGadlBtXgrieQ==",
        "dependencies": {
          "LightInject": "6.4.0",
          "Microsoft.Extensions.DependencyInjection.Abstractions": "3.1.9"
        }
      },
      "Microsoft.AspNetCore.Connections.Abstractions": {
        "type": "Transitive",
        "resolved": "2.3.0",
        "contentHash": "ULFSa+/L+WiAHVlIFHyg0OmHChU9Hx+K+xnt0hbIU5XmT1EGy0pNDx23QAzDtAy9jxQrTG6MX0MdvMeU4D4c7w==",
        "dependencies": {
          "Microsoft.AspNetCore.Http.Features": "2.3.0",
          "System.IO.Pipelines": "8.0.0"
        }
      },
      "Microsoft.AspNetCore.Hosting.Abstractions": {
        "type": "Transitive",
        "resolved": "2.3.0",
        "contentHash": "4ivq53W2k6Nj4eez9wc81ytfGj6HR1NaZJCpOrvghJo9zHuQF57PLhPoQH5ItyCpHXnrN/y7yJDUm+TGYzrx0w==",
        "dependencies": {
          "Microsoft.AspNetCore.Hosting.Server.Abstractions": "2.3.0",
          "Microsoft.AspNetCore.Http.Abstractions": "2.3.0",
          "Microsoft.Extensions.Hosting.Abstractions": "8.0.1"
        }
      },
      "Microsoft.AspNetCore.Hosting.Server.Abstractions": {
        "type": "Transitive",
        "resolved": "2.3.0",
        "contentHash": "F5iHx7odAbFKBV1DNPDkFFcVmD5Tk7rk+tYm3LMQxHEFFdjlg5QcYb5XhHAefl5YaaPeG6ad+/ck8kSG3/D6kw==",
        "dependencies": {
          "Microsoft.AspNetCore.Http.Features": "2.3.0",
          "Microsoft.Extensions.Configuration.Abstractions": "8.0.0"
        }
      },
      "Microsoft.AspNetCore.Http": {
        "type": "Transitive",
        "resolved": "2.3.0",
        "contentHash": "I9azEG2tZ4DDHAFgv+N38e6Yhttvf+QjE2j2UYyCACE7Swm5/0uoihCMWZ87oOZYeqiEFSxbsfpT71OYHe2tpw==",
        "dependencies": {
          "Microsoft.AspNetCore.Http.Abstractions": "2.3.0",
          "Microsoft.AspNetCore.WebUtilities": "2.3.0",
          "Microsoft.Extensions.ObjectPool": "8.0.11",
          "Microsoft.Extensions.Options": "8.0.2",
          "Microsoft.Net.Http.Headers": "2.3.0"
        }
      },
      "Microsoft.AspNetCore.Http.Abstractions": {
        "type": "Transitive",
        "resolved": "2.3.0",
        "contentHash": "39r9PPrjA6s0blyFv5qarckjNkaHRA5B+3b53ybuGGNTXEj1/DStQJ4NWjFL6QTRQpL9zt7nDyKxZdJOlcnq+Q==",
        "dependencies": {
          "Microsoft.AspNetCore.Http.Features": "2.3.0",
          "System.Text.Encodings.Web": "8.0.0"
        }
      },
      "Microsoft.AspNetCore.Http.Extensions": {
        "type": "Transitive",
        "resolved": "2.3.0",
        "contentHash": "EY2u/wFF5jsYwGXXswfQWrSsFPmiXsniAlUWo3rv/MGYf99ZFsENDnZcQP6W3c/+xQmQXq0NauzQ7jyy+o1LDQ==",
        "dependencies": {
          "Microsoft.AspNetCore.Http.Abstractions": "2.3.0",
          "Microsoft.Extensions.FileProviders.Abstractions": "8.0.0",
          "Microsoft.Net.Http.Headers": "2.3.0",
          "System.Buffers": "4.6.0"
        }
      },
      "Microsoft.AspNetCore.Http.Features": {
        "type": "Transitive",
        "resolved": "2.3.0",
        "contentHash": "f10WUgcsKqrkmnz6gt8HeZ7kyKjYN30PO7cSic1lPtH7paPtnQqXPOveul/SIPI43PhRD4trttg4ywnrEmmJpA==",
        "dependencies": {
          "Microsoft.Extensions.Primitives": "8.0.0"
        }
      },
      "Microsoft.AspNetCore.Server.Kestrel.Core": {
        "type": "Transitive",
        "resolved": "2.3.0",
        "contentHash": "QO/j8/NBijsE9CkKBON1rxkYSHt6QKFm4ILuD8hdFFhzofgm/UcNaPt6pS/PXLiE0nXRF3Wt5ky9pzJwkIY6PQ==",
        "dependencies": {
          "Microsoft.AspNetCore.Hosting.Abstractions": "2.3.0",
          "Microsoft.AspNetCore.Server.Kestrel.Transport.Abstractions": "2.3.0",
          "Microsoft.AspNetCore.WebUtilities": "2.3.0",
          "Microsoft.Extensions.Configuration": "8.0.0",
          "Microsoft.Extensions.Configuration.Binder": "8.0.2",
          "Microsoft.Extensions.Logging.Abstractions": "8.0.2",
          "Microsoft.Extensions.Options": "8.0.2",
          "Microsoft.Net.Http.Headers": "2.3.0",
          "System.Memory": "4.6.0",
          "System.Numerics.Vectors": "4.6.0",
          "System.Runtime.CompilerServices.Unsafe": "6.1.0",
          "System.Security.Cryptography.Cng": "5.0.0",
          "System.Threading.Tasks.Extensions": "4.6.0"
        }
      },
      "Microsoft.AspNetCore.Server.Kestrel.Https": {
        "type": "Transitive",
        "resolved": "2.3.0",
        "contentHash": "jwgIow32LzyTM2dTakZlNZVe0ZsHneo3IYvmJjMU81vNzwf+RGafj3quX+uJjyunziX0rPaGl5F2hjaJrE8h1g==",
        "dependencies": {
          "Microsoft.AspNetCore.Http.Abstractions": "2.3.0",
          "Microsoft.AspNetCore.Server.Kestrel.Core": "2.3.0"
        }
      },
      "Microsoft.AspNetCore.Server.Kestrel.Transport.Abstractions": {
        "type": "Transitive",
        "resolved": "2.3.0",
        "contentHash": "ya1kzWCtB4GnTU7nlSZdk06mQTycpR7yxCyLirltCyf9lItarSxiV045EJR9AxMvYiRVFQ3G4Tq4mmfgvpYs2g==",
        "dependencies": {
          "Microsoft.AspNetCore.Connections.Abstractions": "2.3.0",
          "System.IO.Pipelines": "8.0.0"
        }
      },
      "Microsoft.AspNetCore.Server.Kestrel.Transport.Sockets": {
        "type": "Transitive",
        "resolved": "2.3.0",
        "contentHash": "fOTxxPW5DZ/lQ1uENdgqFfYyHjzoYh5UldJnM8s8gfXYirLz60hGdIHGaR7WggFvGZygLvSJCNNHKC0WcIDFvg==",
        "dependencies": {
          "Microsoft.AspNetCore.Hosting.Abstractions": "2.3.0",
          "Microsoft.AspNetCore.Server.Kestrel.Transport.Abstractions": "2.3.0",
          "Microsoft.Extensions.Options": "8.0.2"
        }
      },
      "Microsoft.AspNetCore.WebUtilities": {
        "type": "Transitive",
        "resolved": "2.3.0",
        "contentHash": "trbXdWzoAEUVd0PE2yTopkz4kjZaAIA7xUWekd5uBw+7xE8Do/YOVTeb9d9koPTlbtZT539aESJjSLSqD8eYrQ==",
        "dependencies": {
          "Microsoft.Net.Http.Headers": "2.3.0",
          "System.Text.Encodings.Web": "8.0.0"
        }
      },
      "Microsoft.Extensions.Configuration": {
        "type": "Transitive",
        "resolved": "8.0.0",
        "contentHash": "0J/9YNXTMWSZP2p2+nvl8p71zpSwokZXZuJW+VjdErkegAnFdO1XlqtA62SJtgVYHdKu3uPxJHcMR/r35HwFBA==",
        "dependencies": {
          "Microsoft.Extensions.Configuration.Abstractions": "8.0.0",
          "Microsoft.Extensions.Primitives": "8.0.0"
        }
      },
      "Microsoft.Extensions.Configuration.Abstractions": {
        "type": "Transitive",
        "resolved": "8.0.0",
        "contentHash": "3lE/iLSutpgX1CC0NOW70FJoGARRHbyKmG7dc0klnUZ9Dd9hS6N/POPWhKhMLCEuNN5nXEY5agmlFtH562vqhQ==",
        "dependencies": {
          "Microsoft.Extensions.Primitives": "8.0.0"
        }
      },
      "Microsoft.Extensions.Configuration.Binder": {
        "type": "Transitive",
        "resolved": "8.0.2",
        "contentHash": "7IQhGK+wjyGrNsPBjJcZwWAr+Wf6D4+TwOptUt77bWtgNkiV8tDEbhFS+dDamtQFZ2X7kWG9m71iZQRj2x3zgQ==",
        "dependencies": {
          "Microsoft.Extensions.Configuration.Abstractions": "8.0.0"
        }
      },
      "Microsoft.Extensions.Configuration.EnvironmentVariables": {
        "type": "Transitive",
        "resolved": "8.0.0",
        "contentHash": "plvZ0ZIpq+97gdPNNvhwvrEZ92kNml9hd1pe3idMA7svR0PztdzVLkoWLcRFgySYXUJc3kSM3Xw3mNFMo/bxRA==",
        "dependencies": {
          "Microsoft.Extensions.Configuration": "8.0.0",
          "Microsoft.Extensions.Configuration.Abstractions": "8.0.0"
        }
      },
      "Microsoft.Extensions.Configuration.FileExtensions": {
        "type": "Transitive",
        "resolved": "8.0.1",
        "contentHash": "EJzSNO9oaAXnTdtdNO6npPRsIIeZCBSNmdQ091VDO7fBiOtJAAeEq6dtrVXIi3ZyjC5XRSAtVvF8SzcneRHqKQ==",
        "dependencies": {
          "Microsoft.Extensions.Configuration": "8.0.0",
          "Microsoft.Extensions.Configuration.Abstractions": "8.0.0",
          "Microsoft.Extensions.FileProviders.Abstractions": "8.0.0",
          "Microsoft.Extensions.FileProviders.Physical": "8.0.0",
          "Microsoft.Extensions.Primitives": "8.0.0"
        }
      },
      "Microsoft.Extensions.DependencyInjection": {
        "type": "Transitive",
        "resolved": "8.0.1",
        "contentHash": "BmANAnR5Xd4Oqw7yQ75xOAYODybZQRzdeNucg7kS5wWKd2PNnMdYtJ2Vciy0QLylRmv42DGl5+AFL9izA6F1Rw==",
        "dependencies": {
          "Microsoft.Extensions.DependencyInjection.Abstractions": "8.0.2"
        }
      },
      "Microsoft.Extensions.DependencyInjection.Abstractions": {
        "type": "Transitive",
        "resolved": "8.0.2",
        "contentHash": "3iE7UF7MQkCv1cxzCahz+Y/guQbTqieyxyaWKhrRO91itI9cOKO76OHeQDahqG4MmW5umr3CcCvGmK92lWNlbg=="
      },
      "Microsoft.Extensions.DependencyModel": {
        "type": "Transitive",
        "resolved": "8.0.2",
        "contentHash": "mUBDZZRgZrSyFOsJ2qJJ9fXfqd/kXJwf3AiDoqLD9m6TjY5OO/vLNOb9fb4juC0487eq4hcGN/M2Rh/CKS7QYw=="
      },
      "Microsoft.Extensions.Diagnostics.Abstractions": {
        "type": "Transitive",
        "resolved": "8.0.1",
        "contentHash": "elH2vmwNmsXuKmUeMQ4YW9ldXiF+gSGDgg1vORksob5POnpaI6caj1Hu8zaYbEuibhqCoWg0YRWDazBY3zjBfg==",
        "dependencies": {
          "Microsoft.Extensions.DependencyInjection.Abstractions": "8.0.2",
          "Microsoft.Extensions.Options": "8.0.2"
        }
      },
      "Microsoft.Extensions.FileProviders.Abstractions": {
        "type": "Transitive",
        "resolved": "8.0.0",
        "contentHash": "ZbaMlhJlpisjuWbvXr4LdAst/1XxH3vZ6A0BsgTphZ2L4PGuxRLz7Jr/S7mkAAnOn78Vu0fKhEgNF5JO3zfjqQ==",
        "dependencies": {
          "Microsoft.Extensions.Primitives": "8.0.0"
        }
      },
      "Microsoft.Extensions.FileProviders.Physical": {
        "type": "Transitive",
        "resolved": "8.0.0",
        "contentHash": "UboiXxpPUpwulHvIAVE36Knq0VSHaAmfrFkegLyBZeaADuKezJ/AIXYAW8F5GBlGk/VaibN2k/Zn1ca8YAfVdA==",
        "dependencies": {
          "Microsoft.Extensions.FileProviders.Abstractions": "8.0.0",
          "Microsoft.Extensions.FileSystemGlobbing": "8.0.0",
          "Microsoft.Extensions.Primitives": "8.0.0"
        }
      },
      "Microsoft.Extensions.FileSystemGlobbing": {
        "type": "Transitive",
        "resolved": "8.0.0",
        "contentHash": "OK+670i7esqlQrPjdIKRbsyMCe9g5kSLpRRQGSr4Q58AOYEe/hCnfLZprh7viNisSUUQZmMrbbuDaIrP+V1ebQ=="
      },
      "Microsoft.Extensions.Hosting.Abstractions": {
        "type": "Transitive",
        "resolved": "8.0.1",
        "contentHash": "nHwq9aPBdBPYXPti6wYEEfgXddfBrYC+CQLn+qISiwQq5tpfaqDZSKOJNxoe9rfQxGf1c+2wC/qWFe1QYJPYqw==",
        "dependencies": {
          "Microsoft.Extensions.Configuration.Abstractions": "8.0.0",
          "Microsoft.Extensions.DependencyInjection.Abstractions": "8.0.2",
          "Microsoft.Extensions.Diagnostics.Abstractions": "8.0.1",
          "Microsoft.Extensions.FileProviders.Abstractions": "8.0.0",
          "Microsoft.Extensions.Logging.Abstractions": "8.0.2"
        }
      },
      "Microsoft.Extensions.Logging": {
        "type": "Transitive",
        "resolved": "8.0.1",
        "contentHash": "4x+pzsQEbqxhNf1QYRr5TDkLP9UsLT3A6MdRKDDEgrW7h1ljiEPgTNhKYUhNCCAaVpQECVQ+onA91PTPnIp6Lw==",
        "dependencies": {
          "Microsoft.Extensions.DependencyInjection": "8.0.1",
          "Microsoft.Extensions.Logging.Abstractions": "8.0.2",
          "Microsoft.Extensions.Options": "8.0.2"
        }
      },
      "Microsoft.Extensions.Logging.Abstractions": {
        "type": "Transitive",
        "resolved": "8.0.2",
        "contentHash": "nroMDjS7hNBPtkZqVBbSiQaQjWRDxITI8Y7XnDs97rqG3EbzVTNLZQf7bIeUJcaHOV8bca47s1Uxq94+2oGdxA==",
        "dependencies": {
          "Microsoft.Extensions.DependencyInjection.Abstractions": "8.0.2"
        }
      },
      "Microsoft.Extensions.Logging.Debug": {
        "type": "Transitive",
        "resolved": "8.0.1",
        "contentHash": "B8hqNuYudC2RB+L/DI33uO4rf5by41fZVdcVL2oZj0UyoAZqnwTwYHp1KafoH4nkl1/23piNeybFFASaV2HkFg==",
        "dependencies": {
          "Microsoft.Extensions.DependencyInjection.Abstractions": "8.0.2",
          "Microsoft.Extensions.Logging": "8.0.1",
          "Microsoft.Extensions.Logging.Abstractions": "8.0.2"
        }
      },
      "Microsoft.Extensions.ObjectPool": {
        "type": "Transitive",
        "resolved": "8.0.11",
        "contentHash": "6ApKcHNJigXBfZa6XlDQ8feJpq7SG1ogZXg6M4FiNzgd6irs3LUAzo0Pfn4F2ZI9liGnH1XIBR/OtSbZmJAV5w=="
      },
      "Microsoft.Extensions.Options": {
        "type": "Transitive",
        "resolved": "8.0.2",
        "contentHash": "dWGKvhFybsaZpGmzkGCbNNwBD1rVlWzrZKANLW/CcbFJpCEceMCGzT7zZwHOGBCbwM0SzBuceMj5HN1LKV1QqA==",
        "dependencies": {
          "Microsoft.Extensions.DependencyInjection.Abstractions": "8.0.0",
          "Microsoft.Extensions.Primitives": "8.0.0"
        }
      },
      "Microsoft.Extensions.Primitives": {
        "type": "Transitive",
        "resolved": "8.0.0",
        "contentHash": "bXJEZrW9ny8vjMF1JV253WeLhpEVzFo1lyaZu1vQ4ZxWUlVvknZ/+ftFgVheLubb4eZPSwwxBeqS1JkCOjxd8g=="
      },
      "Microsoft.Net.Http.Headers": {
        "type": "Transitive",
        "resolved": "2.3.0",
        "contentHash": "/M0wVg6tJUOHutWD3BMOUVZAioJVXe0tCpFiovzv0T9T12TBf4MnaHP0efO8TCr1a6O9RZgQeZ9Gdark8L9XdA==",
        "dependencies": {
          "Microsoft.Extensions.Primitives": "8.0.0",
          "System.Buffers": "4.6.0"
        }
      },
      "Serilog": {
        "type": "Transitive",
        "resolved": "3.1.1",
        "contentHash": "P6G4/4Kt9bT635bhuwdXlJ2SCqqn2nhh4gqFqQueCOr9bK/e7W9ll/IoX1Ter948cV2Z/5+5v8pAfJYUISY03A=="
      },
      "Serilog.Extensions.Hosting": {
        "type": "Transitive",
        "resolved": "8.0.0",
        "contentHash": "db0OcbWeSCvYQkHWu6n0v40N4kKaTAXNjlM3BKvcbwvNzYphQFcBR+36eQ/7hMMwOkJvAyLC2a9/jNdUL5NjtQ==",
        "dependencies": {
          "Microsoft.Extensions.DependencyInjection.Abstractions": "8.0.0",
          "Microsoft.Extensions.Hosting.Abstractions": "8.0.0",
          "Microsoft.Extensions.Logging.Abstractions": "8.0.0",
          "Serilog": "3.1.1",
          "Serilog.Extensions.Logging": "8.0.0"
        }
      },
      "Serilog.Extensions.Logging": {
        "type": "Transitive",
        "resolved": "8.0.0",
        "contentHash": "YEAMWu1UnWgf1c1KP85l1SgXGfiVo0Rz6x08pCiPOIBt2Qe18tcZLvdBUuV5o1QHvrs8FAry9wTIhgBRtjIlEg==",
        "dependencies": {
          "Microsoft.Extensions.Logging": "8.0.0",
          "Serilog": "3.1.1"
        }
      },
      "Serilog.Formatting.Compact": {
        "type": "Transitive",
        "resolved": "2.0.0",
        "contentHash": "ob6z3ikzFM3D1xalhFuBIK1IOWf+XrQq+H4KeH4VqBcPpNcmUgZlRQ2h3Q7wvthpdZBBoY86qZOI2LCXNaLlNA==",
        "dependencies": {
          "Serilog": "3.1.0"
        }
      },
      "Serilog.Settings.Configuration": {
        "type": "Transitive",
        "resolved": "8.0.4",
        "contentHash": "pkxvq0umBKK8IKFJc1aV5S/HGRG/NIxJ6FV42KaTPLfDmBOAbBUB1m5gqqlGxzEa1MgDDWtQlWJdHTSxVWNx+Q==",
        "dependencies": {
          "Microsoft.Extensions.Configuration.Binder": "8.0.0",
          "Microsoft.Extensions.DependencyModel": "8.0.2",
          "Serilog": "3.1.1"
        }
      },
      "Serilog.Sinks.Console": {
        "type": "Transitive",
        "resolved": "5.0.0",
        "contentHash": "IZ6bn79k+3SRXOBpwSOClUHikSkp2toGPCZ0teUkscv4dpDg9E2R2xVsNkLmwddE4OpNVO3N0xiYsAH556vN8Q==",
        "dependencies": {
          "Serilog": "3.1.0"
        }
      },
      "Serilog.Sinks.Debug": {
        "type": "Transitive",
        "resolved": "2.0.0",
        "contentHash": "Y6g3OBJ4JzTyyw16fDqtFcQ41qQAydnEvEqmXjhwhgjsnG/FaJ8GUqF5ldsC/bVkK8KYmqrPhDO+tm4dF6xx4A==",
        "dependencies": {
          "Serilog": "2.10.0"
        }
      },
      "Serilog.Sinks.File": {
        "type": "Transitive",
        "resolved": "5.0.0",
        "contentHash": "uwV5hdhWPwUH1szhO8PJpFiahqXmzPzJT/sOijH/kFgUx+cyoDTMM8MHD0adw9+Iem6itoibbUXHYslzXsLEAg==",
        "dependencies": {
          "Serilog": "2.10.0"
        }
      },
      "System.Buffers": {
        "type": "Transitive",
        "resolved": "4.6.0",
        "contentHash": "lN6tZi7Q46zFzAbRYXTIvfXcyvQQgxnY7Xm6C6xQ9784dEL1amjM6S6Iw4ZpsvesAKnRVsM4scrDQaDqSClkjA=="
      },
      "System.Diagnostics.DiagnosticSource": {
        "type": "Transitive",
        "resolved": "8.0.1",
        "contentHash": "vaoWjvkG1aenR2XdjaVivlCV9fADfgyhW5bZtXT23qaEea0lWiUljdQuze4E31vKM7ZWJaSUsbYIKE3rnzfZUg=="
      },
      "System.Formats.Asn1": {
        "type": "Transitive",
        "resolved": "5.0.0",
        "contentHash": "MTvUIktmemNB+El0Fgw9egyqT9AYSIk6DTJeoDSpc3GIHxHCMo8COqkWT1mptX5tZ1SlQ6HJZ0OsSvMth1c12w=="
      },
      "System.IO.Pipelines": {
        "type": "Transitive",
        "resolved": "8.0.0",
        "contentHash": "FHNOatmUq0sqJOkTx+UF/9YK1f180cnW5FVqnQMvYUN0elp6wFzbtPSiqbo1/ru8ICp43JM1i7kKkk6GsNGHlA=="
      },
      "System.Memory": {
        "type": "Transitive",
        "resolved": "4.6.0",
        "contentHash": "OEkbBQoklHngJ8UD8ez2AERSk2g+/qpAaSWWCBFbpH727HxDq5ydVkuncBaKcKfwRqXGWx64dS6G1SUScMsitg=="
      },
      "System.Net.WebSockets.WebSocketProtocol": {
        "type": "Transitive",
        "resolved": "5.1.0",
        "contentHash": "cVTT/Zw4JuUeX8H0tdWii0OMHsA5MY2PaFYOq/Hstw0jk479jZ+f8baCicWFNzJlCPWAe0uoNCELoB5eNmaMqA=="
      },
      "System.Numerics.Vectors": {
        "type": "Transitive",
        "resolved": "4.6.0",
        "contentHash": "t+SoieZsRuEyiw/J+qXUbolyO219tKQQI0+2/YI+Qv7YdGValA6WiuokrNKqjrTNsy5ABWU11bdKOzUdheteXg=="
      },
      "System.Reflection.Metadata": {
        "type": "Transitive",
        "resolved": "8.0.1",
        "contentHash": "+4sz5vGHPlo+5NpAxf2IlABnqVvOHOxv17b4dONv4hVwyNeFAeBevT14DIn7X3YWQ+eQFYO3YeTBNCleAblOKA=="
      },
      "System.Runtime.CompilerServices.Unsafe": {
        "type": "Transitive",
        "resolved": "6.1.0",
        "contentHash": "5o/HZxx6RVqYlhKSq8/zronDkALJZUT2Vz0hx43f0gwe8mwlM0y2nYlqdBwLMzr262Bwvpikeb/yEwkAa5PADg=="
      },
      "System.Security.Cryptography.Cng": {
        "type": "Transitive",
        "resolved": "5.0.0",
        "contentHash": "jIMXsKn94T9JY7PvPq/tMfqa6GAaHpElRDpmG+SuL+D3+sTw2M8VhnibKnN8Tq+4JqbPJ/f+BwtLeDMEnzAvRg==",
        "dependencies": {
          "System.Formats.Asn1": "5.0.0"
        }
      },
      "System.Text.Encodings.Web": {
        "type": "Transitive",
        "resolved": "8.0.0",
        "contentHash": "yev/k9GHAEGx2Rg3/tU6MQh4HGBXJs70y7j1LaM1i/ER9po+6nnQ6RRqTJn1E7Xu0fbIFK80Nh5EoODxrbxwBQ=="
      },
      "System.Threading.Tasks.Extensions": {
        "type": "Transitive",
        "resolved": "4.6.0",
        "contentHash": "I5G6Y8jb0xRtGUC9Lahy7FUvlYlnGMMkbuKAQBy8Jb7Y6Yn8OlBEiUOY0PqZ0hy6Ua8poVA1ui1tAIiXNxGdsg=="
      },
      "Tomlyn": {
        "type": "Transitive",
        "resolved": "0.19.0",
        "contentHash": "GlI2o8R8jbZIaE+YX6uA/VoAOH7zIxYeqxDm7jHW2hqUhuB+q19oKold35FkMuv8IZDoCqsTMolaBv2eBLBmrQ=="
      },
      "YamlDotNet": {
        "type": "Transitive",
        "resolved": "16.3.0",
        "contentHash": "SgMOdxbz8X65z8hraIs6hOEdnkH6hESTAIUa7viEngHOYaH+6q5XJmwr1+yb9vJpNQ19hCQY69xbFsLtXpobQA=="
      },
      "queil.ring.configuration": {
        "type": "Project",
        "dependencies": {
          "Tomlyn": "[0.*, )"
        }
      },
      "queil.ring.protocol": {
        "type": "Project"
      }
    }
  }
}