{
  "version": 1,
  "dependencies": {
    "net10.0": {
      "CommandLineParser": {
        "type": "Direct",
        "requested": "[2.*, )",
        "resolved": "2.9.1",
        "contentHash": "OE0sl1/sQ37bjVsPKKtwQlWDgqaxWgtme3xZz7JssWUzg5JpMIyHgCTY9MVMxOg48fJ1AgGT3tgdH5m/kQ5xhA=="
      },
      "KubernetesClient": {
        "type": "Direct",
        "requested": "[17.*, )",
        "resolved": "17.0.14",
        "contentHash": "FMGWjGtN8WEUKAAQxs96PK2tYvPrvwhoJzay/6HiByVTvHoJ0i9u7ykvYb7E3vLTSlfv26Q2Ktxr41zYCppu8A==",
        "dependencies": {
          "Fractions": "7.3.0",
          "YamlDotNet": "16.3.0"
        }
      },
      "LightInject.Microsoft.AspNetCore.Hosting": {
        "type": "Direct",
        "requested": "[2.*, )",
        "resolved": "2.3.5",
        "contentHash": "JtpBcbZH7OGc42Dg00x5V8EiMNOFRRT4zvjkxJNsfMJ/va3luTauBmBpyMmNpwWcMvIaye2zJrMDP8rQTnZm/A==",
        "dependencies": {
          "LightInject.Microsoft.DependencyInjection": "3.3.6"
        }
      },
      "Serilog.AspNetCore": {
        "type": "Direct",
        "requested": "[8.*, )",
        "resolved": "8.0.3",
        "contentHash": "Y5at41mc0OV982DEJslBKHd6uzcWO6POwR3QceJ6gtpMPxCzm4+FElGPF0RdaTD7MGsP6XXE05LMbSi0NO+sXg==",
        "dependencies": {
          "Serilog": "3.1.1",
          "Serilog.Extensions.Hosting": "8.0.0",
          "Serilog.Formatting.Compact": "2.0.0",
          "Serilog.Settings.Configuration": "8.0.4",
          "Serilog.Sinks.Console": "5.0.0",
          "Serilog.Sinks.Debug": "2.0.0",
          "Serilog.Sinks.File": "5.0.0"
        }
      },
      "Stateless": {
        "type": "Direct",
        "requested": "[5.*, )",
        "resolved": "5.20.0",
        "contentHash": "f3/9Bbr+NcepybGXy/CDY5rJRdpdjoixDQRK811VZXGtkoCCzMT4lCraRuur+cS17TZ7GdUNoY2qgA6uJV45eg=="
      },
      "Tomlyn.Extensions.Configuration": {
        "type": "Direct",
        "requested": "[1.*, )",
        "resolved": "1.0.6",
        "contentHash": "w1cLHk07xwAaxh5JO7hEzEL35BRhVwSB1Ysy+wmZ2Lith8Pz1sYRi3ab5xqJ+09qlo4o3xYFL6azFYB5xEXPXA==",
        "dependencies": {
          "Tomlyn": "0.14.3"
        }
      },
      "Fractions": {
        "type": "Transitive",
        "resolved": "7.3.0",
        "contentHash": "2bETFWLBc8b7Ut2SVi+bxhGVwiSpknHYGBh2PADyGWONLkTxT7bKyDRhF8ao+XUv90tq8Fl7GTPxSI5bacIRJw=="
      },
      "LightInject": {
        "type": "Transitive",
        "resolved": "6.4.0",
        "contentHash": "WjrY67fnaUJzBSnb7wiaZUOSl7gmxjfg+xo+GrHI55jz0YZR2b5ZB+lDOM5XDu2+2+/OnVT3y4+6BOv6xTqo9w=="
      },
      "LightInject.Microsoft.DependencyInjection": {
        "type": "Transitive",
        "resolved": "3.3.6",
        "contentHash": "JDXVDWoA3wtwzb3CwMt2jZC/VBKSv9uv9+lFZ5XSUhkLCZGvM/ABlNZZ4hyA1DnKfgned1UcSTGadlBtXgrieQ==",
        "dependencies": {
          "LightInject": "6.4.0"
        }
      },
      "Microsoft.Extensions.DependencyModel": {
        "type": "Transitive",
        "resolved": "8.0.2",
        "contentHash": "mUBDZZRgZrSyFOsJ2qJJ9fXfqd/kXJwf3AiDoqLD9m6TjY5OO/vLNOb9fb4juC0487eq4hcGN/M2Rh/CKS7QYw=="
      },
      "Serilog": {
        "type": "Transitive",
        "resolved": "3.1.1",
        "contentHash": "P6G4/4Kt9bT635bhuwdXlJ2SCqqn2nhh4gqFqQueCOr9bK/e7W9ll/IoX1Ter948cV2Z/5+5v8pAfJYUISY03A=="
      },
      "Serilog.Extensions.Hosting": {
        "type": "Transitive",
        "resolved": "8.0.0",
        "contentHash": "db0OcbWeSCvYQkHWu6n0v40N4kKaTAXNjlM3BKvcbwvNzYphQFcBR+36eQ/7hMMwOkJvAyLC2a9/jNdUL5NjtQ==",
        "dependencies": {
          "Serilog": "3.1.1",
          "Serilog.Extensions.Logging": "8.0.0"
        }
      },
      "Serilog.Extensions.Logging": {
        "type": "Transitive",
        "resolved": "8.0.0",
        "contentHash": "YEAMWu1UnWgf1c1KP85l1SgXGfiVo0Rz6x08pCiPOIBt2Qe18tcZLvdBUuV5o1QHvrs8FAry9wTIhgBRtjIlEg==",
        "dependencies": {
          "Serilog": "3.1.1"
        }
      },
      "Serilog.Formatting.Compact": {
        "type": "Transitive",
        "resolved": "2.0.0",
        "contentHash": "ob6z3ikzFM3D1xalhFuBIK1IOWf+XrQq+H4KeH4VqBcPpNcmUgZlRQ2h3Q7wvthpdZBBoY86qZOI2LCXNaLlNA==",
        "dependencies": {
          "Serilog": "3.1.0"
        }
      },
      "Serilog.Settings.Configuration": {
        "type": "Transitive",
        "resolved": "8.0.4",
        "contentHash": "pkxvq0umBKK8IKFJc1aV5S/HGRG/NIxJ6FV42KaTPLfDmBOAbBUB1m5gqqlGxzEa1MgDDWtQlWJdHTSxVWNx+Q==",
        "dependencies": {
          "Microsoft.Extensions.DependencyModel": "8.0.2",
          "Serilog": "3.1.1"
        }
      },
      "Serilog.Sinks.Console": {
        "type": "Transitive",
        "resolved": "5.0.0",
        "contentHash": "IZ6bn79k+3SRXOBpwSOClUHikSkp2toGPCZ0teUkscv4dpDg9E2R2xVsNkLmwddE4OpNVO3N0xiYsAH556vN8Q==",
        "dependencies": {
          "Serilog": "3.1.0"
        }
      },
      "Serilog.Sinks.Debug": {
        "type": "Transitive",
        "resolved": "2.0.0",
        "contentHash": "Y6g3OBJ4JzTyyw16fDqtFcQ41qQAydnEvEqmXjhwhgjsnG/FaJ8GUqF5ldsC/bVkK8KYmqrPhDO+tm4dF6xx4A==",
        "dependencies": {
          "Serilog": "2.10.0"
        }
      },
      "Serilog.Sinks.File": {
        "type": "Transitive",
        "resolved": "5.0.0",
        "contentHash": "uwV5hdhWPwUH1szhO8PJpFiahqXmzPzJT/sOijH/kFgUx+cyoDTMM8MHD0adw9+Iem6itoibbUXHYslzXsLEAg==",
        "dependencies": {
          "Serilog": "2.10.0"
        }
      },
      "Tomlyn": {
        "type": "Transitive",
        "resolved": "0.19.0",
        "contentHash": "GlI2o8R8jbZIaE+YX6uA/VoAOH7zIxYeqxDm7jHW2hqUhuB+q19oKold35FkMuv8IZDoCqsTMolaBv2eBLBmrQ=="
      },
      "YamlDotNet": {
        "type": "Transitive",
        "resolved": "16.3.0",
        "contentHash": "SgMOdxbz8X65z8hraIs6hOEdnkH6hESTAIUa7viEngHOYaH+6q5XJmwr1+yb9vJpNQ19hCQY69xbFsLtXpobQA=="
      },
      "queil.ring.configuration": {
        "type": "Project",
        "dependencies": {
          "Tomlyn": "[0.*, )"
        }
      },
      "queil.ring.protocol": {
        "type": "Project"
      }
    }
  }
}