{
  "version": 1,
  "dependencies": {
    "net8.0": {
      "FSharp.Control.AsyncSeq": {
        "type": "Direct",
        "requested": "[3.2.1, )",
        "resolved": "3.2.1",
        "contentHash": "bkCq5ZOVeyvyS7sjv95tsyMNLQJ+F0Sj8E3wJQLwvCqd18XQVCV7BxclgUg72m2Z12rL2bLd09Vg69Ifcb365Q==",
        "dependencies": {
          "FSharp.Core": "4.7.2",
          "Microsoft.Bcl.AsyncInterfaces": "5.0.0"
        }
      },
      "FSharp.Core": {
        "type": "Direct",
        "requested": "[8.0.403, )",
        "resolved": "8.0.403",
        "contentHash": "ldNIn4IksrJL/X3rF4R/y9pa3RmwkcGYQ3xFMdbJj8dJ9Q49J735m6sMy3MbCK9gj3YoCsxlyFeExCiNDy3gHQ=="
      },
      "Microsoft.Bcl.AsyncInterfaces": {
        "type": "Transitive",
        "resolved": "5.0.0",
        "contentHash": "W8DPQjkMScOMTtJbPwmPyj9c3zYSFGawDW3jwlBOOsnY+EzZFLgNQ/UMkK35JmkNOVPdCyPr2Tw7Vv9N+KA3ZQ=="
      },
      "queil.ring.protocol": {
        "type": "Project"
      }
    }
  }
}