{
  "version": 1,
  "dependencies": {
    "net10.0": {
      "FSharp.Control.AsyncSeq": {
        "type": "Direct",
        "requested": "[4.*, )",
        "resolved": "4.15.0",
        "contentHash": "d2EOQWfwK01x+Rf6ExsHOmXQmIkynHR7r5pjH03NhAOrm7Yduhb4oEu08i4dhxrNPgXbOw0pwe4hJOkcVxGyhA==",
        "dependencies": {
          "FSharp.Core": "4.7.2",
          "Microsoft.Bcl.AsyncInterfaces": "10.0.6"
        }
      },
      "FSharp.Core": {
        "type": "Direct",
        "requested": "[10.1.203, )",
        "resolved": "10.1.203",
        "contentHash": "I2MFk72yHqfgI594gKFigq8PVIso0Mh1ZUgG9R4n8gyYQ4IwpBxmvecfjnKA7iMLdVHYULB70PsLwYW/K76gew=="
      },
      "Microsoft.Bcl.AsyncInterfaces": {
        "type": "Transitive",
        "resolved": "10.0.6",
        "contentHash": "Os4eB/5WwgiBoFpOmQjEpo8sbFzbWrONvfqK52E7pl4YQoIWFlyeWdOxxxPMHNYFCDD3biT5NzDzNZCo/6kDLw=="
      },
      "queil.ring.protocol": {
        "type": "Project"
      }
    }
  }
}