{
  "version": 1,
  "dependencies": {
    "net8.0": {
      "Expecto": {
        "type": "Direct",
        "requested": "[10.*, )",
        "resolved": "10.2.1",
        "contentHash": "nV9ACIccY2cv23KvtMfflQdMPhF7oTXf0dRMz1Jq6GuQjLnuf+zBj4IlBzmZEz9VeCrCOWxdnt/5VFCrGcn+pA==",
        "dependencies": {
          "FSharp.Core": "7.0.200",
          "Mono.Cecil": "[0.11.4, 1.0.0)"
        }
      },
      "Fake.Core.Environment": {
        "type": "Direct",
        "requested": "[6.*, )",
        "resolved": "6.1.3",
        "contentHash": "+3f1lcEumNzIuDkAVaRuhtWtbB4bLxQJ739wGbYu9Oe+OsI2KVBC27dr8FUakhSIWe+XUfG7C16n416TaZW9qA==",
        "dependencies": {
          "FSharp.Core": "8.0.301"
        }
      },
      "Fake.Core.Process": {
        "type": "Direct",
        "requested": "[6.*, )",
        "resolved": "6.1.3",
        "contentHash": "q9urEiNkpcgqntTZygDFX9n0t7kPMmeVak0VQnSqFHp6efdSiJK+aN2CZVOO2eylb54G5/+URRejdN9tOs44yg==",
        "dependencies": {
          "FSharp.Core": "8.0.301",
          "Fake.Core.Environment": "6.1.3",
          "Fake.Core.FakeVar": "6.1.3",
          "Fake.Core.String": "6.1.3",
          "Fake.Core.Trace": "6.1.3",
          "Fake.IO.FileSystem": "6.1.3",
          "System.Collections.Immutable": "8.0.0"
        }
      },
      "FSharp.Core": {
        "type": "Direct",
        "requested": "[8.*, )",
        "resolved": "8.0.400",
        "contentHash": "kHMdDDmlZl98tujgHCmL8/HNH9VKbxsRMC9s7wbwr4noR40SSa5D4d00yF8cMK52s8jabVuiLLcrUw9r+PkKDQ=="
      },
      "FsHttp": {
        "type": "Direct",
        "requested": "[14.*, )",
        "resolved": "14.5.1",
        "contentHash": "LeOKNy+CZLA/YAHAauCst4ULR0LPJYAAyYxsyuyJt1hh263sOk9RFwwlq7gyv7aAjSr6azjdJNFb12CYYJYuiA==",
        "dependencies": {
          "FSharp.Core": "5.0.2"
        }
      },
      "Microsoft.NET.Test.Sdk": {
        "type": "Direct",
        "requested": "[17.*, )",
        "resolved": "17.11.1",
        "contentHash": "U3Ty4BaGoEu+T2bwSko9tWqWUOU16WzSFkq6U8zve75oRBMSLTBdMAZrVNNz1Tq12aCdDom9fcOcM9QZaFHqFg==",
        "dependencies": {
          "Microsoft.CodeCoverage": "17.11.1",
          "Microsoft.TestPlatform.TestHost": "17.11.1"
        }
      },
      "YoloDev.Expecto.TestSdk": {
        "type": "Direct",
        "requested": "[0.*, )",
        "resolved": "0.14.3",
        "contentHash": "tu24//r9EbDPNRHwy5EU3oVeX98WIu7N9u6SwdQNUmJkWHYN19ihlTF5TAtQ/0sHlzbANj433LfXw2ze9m6XwA==",
        "dependencies": {
          "Expecto": "[10.0.0, 11.0.0)",
          "FSharp.Core": "7.0.200",
          "System.Collections.Immutable": "6.0.0"
        }
      },
      "Fake.Core.Context": {
        "type": "Transitive",
        "resolved": "6.1.3",
        "contentHash": "ol84MQSE88OYXj7c2uqLfiztDLDhptHdqDqGO1sm/ks9TgOpZ2azLkGSAr8C34gd51FYtZM/Jww28ZNONovWEQ==",
        "dependencies": {
          "FSharp.Core": "8.0.301"
        }
      },
      "Fake.Core.FakeVar": {
        "type": "Transitive",
        "resolved": "6.1.3",
        "contentHash": "/cBJICEsb7NU3x7Z2/rISqOvm4Fuy/pNrgA8iY3b82SoSXi5kNtVygpZW+kbihth/yvDnE14ridaTMgc6Fkwqw==",
        "dependencies": {
          "FSharp.Core": "8.0.301",
          "Fake.Core.Context": "6.1.3"
        }
      },
      "Fake.Core.String": {
        "type": "Transitive",
        "resolved": "6.1.3",
        "contentHash": "Pdle3F5G8OyF4azOM9oyyctIztBTN1hRByei5JrF4mFS3tmmB8RFi8tcqZOeAeuqs91HvF4Tj+ZcKp1FATbH7w==",
        "dependencies": {
          "FSharp.Core": "8.0.301"
        }
      },
      "Fake.Core.Trace": {
        "type": "Transitive",
        "resolved": "6.1.3",
        "contentHash": "zBj/BndzPZADUO4Kg7LHUS38KAHRohFz9ni7zELxDMkP/JqHUtldwaOcDxOXQhcNqHd7LtkwkIjztU+v5JwCGg==",
        "dependencies": {
          "FSharp.Core": "8.0.301",
          "Fake.Core.Environment": "6.1.3",
          "Fake.Core.FakeVar": "6.1.3"
        }
      },
      "Fake.IO.FileSystem": {
        "type": "Transitive",
        "resolved": "6.1.3",
        "contentHash": "zQH/7eZWCmnrxfj2UGq5lMP+e6dqtEFimrVchDwOLneKyoA5+sDihL8CnJ6FRcIDkiSp4S2WHvNG2iNiZaVJxA==",
        "dependencies": {
          "FSharp.Core": "8.0.301",
          "Fake.Core.String": "6.1.3",
          "Fake.Core.Trace": "6.1.3"
        }
      },
      "FSharp.Control.AsyncSeq": {
        "type": "Transitive",
        "resolved": "3.2.1",
        "contentHash": "bkCq5ZOVeyvyS7sjv95tsyMNLQJ+F0Sj8E3wJQLwvCqd18XQVCV7BxclgUg72m2Z12rL2bLd09Vg69Ifcb365Q==",
        "dependencies": {
          "FSharp.Core": "4.7.2",
          "Microsoft.Bcl.AsyncInterfaces": "5.0.0"
        }
      },
      "Microsoft.Bcl.AsyncInterfaces": {
        "type": "Transitive",
        "resolved": "5.0.0",
        "contentHash": "W8DPQjkMScOMTtJbPwmPyj9c3zYSFGawDW3jwlBOOsnY+EzZFLgNQ/UMkK35JmkNOVPdCyPr2Tw7Vv9N+KA3ZQ=="
      },
      "Microsoft.CodeCoverage": {
        "type": "Transitive",
        "resolved": "17.11.1",
        "contentHash": "nPJqrcA5iX+Y0kqoT3a+pD/8lrW/V7ayqnEJQsTonSoPz59J8bmoQhcSN4G8+UJ64Hkuf0zuxnfuj2lkHOq4cA=="
      },
      "Microsoft.TestPlatform.ObjectModel": {
        "type": "Transitive",
        "resolved": "17.11.1",
        "contentHash": "E2jZqAU6JeWEVsyOEOrSW1o1bpHLgb25ypvKNB/moBXPVsFYBPd/Jwi7OrYahG50J83LfHzezYI+GaEkpAotiA==",
        "dependencies": {
          "System.Reflection.Metadata": "1.6.0"
        }
      },
      "Microsoft.TestPlatform.TestHost": {
        "type": "Transitive",
        "resolved": "17.11.1",
        "contentHash": "DnG+GOqJXO/CkoqlJWeDFTgPhqD/V6VqUIL3vINizCWZ3X+HshCtbbyDdSHQQEjrc2Sl/K3yaxX6s+5LFEdYuw==",
        "dependencies": {
          "Microsoft.TestPlatform.ObjectModel": "17.11.1",
          "Newtonsoft.Json": "13.0.1"
        }
      },
      "Mono.Cecil": {
        "type": "Transitive",
        "resolved": "0.11.4",
        "contentHash": "IC1h5g0NeJGHIUgzM1P82ld57knhP0IcQfrYITDPXlNpMYGUrsG5TxuaWTjaeqDNQMBDNZkB8L0rBnwsY6JHuQ=="
      },
      "Newtonsoft.Json": {
        "type": "Transitive",
        "resolved": "13.0.1",
        "contentHash": "ppPFpBcvxdsfUonNcvITKqLl3bqxWbDCZIzDWHzjpdAHRFfZe0Dw9HmA0+za13IdyrgJwpkDTDA9fHaxOrt20A=="
      },
      "System.Collections.Immutable": {
        "type": "Transitive",
        "resolved": "8.0.0",
        "contentHash": "AurL6Y5BA1WotzlEvVaIDpqzpIPvYnnldxru8oXJU2yFxFUy3+pNXjXd1ymO+RA0rq0+590Q8gaz2l3Sr7fmqg=="
      },
      "System.Reflection.Metadata": {
        "type": "Transitive",
        "resolved": "1.6.0",
        "contentHash": "COC1aiAJjCoA5GBF+QKL2uLqEBew4JsCkQmoHKbN3TlOZKa2fKLz5CpiRQKDz0RsAOEGsVKqOD5bomsXq/4STQ=="
      },
      "System.Text.Encodings.Web": {
        "type": "Transitive",
        "resolved": "8.0.0",
        "contentHash": "yev/k9GHAEGx2Rg3/tU6MQh4HGBXJs70y7j1LaM1i/ER9po+6nnQ6RRqTJn1E7Xu0fbIFK80Nh5EoODxrbxwBQ=="
      },
      "System.Text.Json": {
        "type": "Transitive",
        "resolved": "8.0.4",
        "contentHash": "bAkhgDJ88XTsqczoxEMliSrpijKZHhbJQldhAmObj/RbrN3sU5dcokuXmWJWsdQAhiMJ9bTayWsL1C9fbbCRhw==",
        "dependencies": {
          "System.Text.Encodings.Web": "8.0.0"
        }
      },
      "System.Threading.Channels": {
        "type": "Transitive",
        "resolved": "8.0.0",
        "contentHash": "CMaFr7v+57RW7uZfZkPExsPB6ljwzhjACWW1gfU35Y56rk72B/Wu+sTqxVmGSk4SFUlPc3cjeKND0zktziyjBA=="
      },
      "Tomlyn": {
        "type": "Transitive",
        "resolved": "0.17.0",
        "contentHash": "3BRbxOjZwgdXBGemOvJWuydaG/KsKrnG1Z15Chruvih8Tc8bgtLcmDgo6LPRqiF5LNh6X4Vmos7YuGteBHfePA=="
      },
      "queil.ring.client.fsharp": {
        "type": "Project",
        "dependencies": {
          "FSharp.Control.AsyncSeq": "[3.2.1, )",
          "FSharp.Core": "[8.0.102, )",
          "Queil.Ring.Protocol": "[1.0.0, )"
        }
      },
      "queil.ring.configuration": {
        "type": "Project",
        "dependencies": {
          "Tomlyn": "[0.*, )"
        }
      },
      "queil.ring.protocol": {
        "type": "Project",
        "dependencies": {
          "System.Text.Json": "[8.*, )",
          "System.Threading.Channels": "[8.*, )"
        }
      }
    }
  }
}