{
  "version": 1,
  "dependencies": {
    "net10.0": {
      "Arquidev.Fetch": {
        "type": "Direct",
        "requested": "[1.4.0, )",
        "resolved": "1.4.0",
        "contentHash": "UC+emfNs8vQP6sEikh+Lg6FvoXK+ROM9uQnRdL6BN19Mhxw6txxFNr1GAGmboXkf0icjItKF5WoXp51GHGOu+g==",
        "dependencies": {
          "FSharp.Core": "10.0.100",
          "FSharp.SystemTextJson": "1.4.36"
        }
      },
      "Expecto": {
        "type": "Direct",
        "requested": "[10.*, )",
        "resolved": "10.2.3",
        "contentHash": "mwGOvtkKfMwakKeONwWYy5RgnO7Ijx/THt50GHh8mkSPySVOW/BsOppHzNwby45uaO6X0IKpqS76BrlYgOqcIg==",
        "dependencies": {
          "FSharp.Core": "7.0.200",
          "Mono.Cecil": "[0.11.4, 1.0.0)"
        }
      },
      "Fake.Core.Environment": {
        "type": "Direct",
        "requested": "[6.1.3, )",
        "resolved": "6.1.3",
        "contentHash": "+3f1lcEumNzIuDkAVaRuhtWtbB4bLxQJ739wGbYu9Oe+OsI2KVBC27dr8FUakhSIWe+XUfG7C16n416TaZW9qA==",
        "dependencies": {
          "FSharp.Core": "8.0.301"
        }
      },
      "Fake.Core.Process": {
        "type": "Direct",
        "requested": "[6.1.3, )",
        "resolved": "6.1.3",
        "contentHash": "q9urEiNkpcgqntTZygDFX9n0t7kPMmeVak0VQnSqFHp6efdSiJK+aN2CZVOO2eylb54G5/+URRejdN9tOs44yg==",
        "dependencies": {
          "FSharp.Core": "8.0.301",
          "Fake.Core.Environment": "6.1.3",
          "Fake.Core.FakeVar": "6.1.3",
          "Fake.Core.String": "6.1.3",
          "Fake.Core.Trace": "6.1.3",
          "Fake.IO.FileSystem": "6.1.3"
        }
      },
      "FSharp.Core": {
        "type": "Direct",
        "requested": "[10.0.100, )",
        "resolved": "10.0.100",
        "contentHash": "c/r6T/HE9MWL0O0OispLtaKhVwDsiYQlLS249LoxSo1HNH/wfc0f5DE4pI6WpTXkCEdeXa66K5f9FmKLr/0cmw=="
      },
      "Microsoft.NET.Test.Sdk": {
        "type": "Direct",
        "requested": "[18.*, )",
        "resolved": "18.0.1",
        "contentHash": "WNpu6vI2rA0pXY4r7NKxCN16XRWl5uHu6qjuyVLoDo6oYEggIQefrMjkRuibQHm/NslIUNCcKftvoWAN80MSAg==",
        "dependencies": {
          "Microsoft.CodeCoverage": "18.0.1",
          "Microsoft.TestPlatform.TestHost": "18.0.1"
        }
      },
      "YoloDev.Expecto.TestSdk": {
        "type": "Direct",
        "requested": "[0.*, )",
        "resolved": "0.15.5",
        "contentHash": "6aPtXtn+DXPLEhY8B/fRRvaArRKiXl02F25SQaplcZtb2DlCvI5tSz+2yXgeYE8qVMTQtbmihE3WubktjbogmQ==",
        "dependencies": {
          "Expecto": "[10.2.2, 11.0.0)",
          "FSharp.Core": "7.0.200",
          "Microsoft.Testing.Extensions.VSTestBridge": "1.9.0",
          "Microsoft.Testing.Platform.MSBuild": "1.9.0"
        }
      },
      "Fake.Core.Context": {
        "type": "Transitive",
        "resolved": "6.1.3",
        "contentHash": "ol84MQSE88OYXj7c2uqLfiztDLDhptHdqDqGO1sm/ks9TgOpZ2azLkGSAr8C34gd51FYtZM/Jww28ZNONovWEQ==",
        "dependencies": {
          "FSharp.Core": "8.0.301"
        }
      },
      "Fake.Core.FakeVar": {
        "type": "Transitive",
        "resolved": "6.1.3",
        "contentHash": "/cBJICEsb7NU3x7Z2/rISqOvm4Fuy/pNrgA8iY3b82SoSXi5kNtVygpZW+kbihth/yvDnE14ridaTMgc6Fkwqw==",
        "dependencies": {
          "FSharp.Core": "8.0.301",
          "Fake.Core.Context": "6.1.3"
        }
      },
      "Fake.Core.String": {
        "type": "Transitive",
        "resolved": "6.1.3",
        "contentHash": "Pdle3F5G8OyF4azOM9oyyctIztBTN1hRByei5JrF4mFS3tmmB8RFi8tcqZOeAeuqs91HvF4Tj+ZcKp1FATbH7w==",
        "dependencies": {
          "FSharp.Core": "8.0.301"
        }
      },
      "Fake.Core.Trace": {
        "type": "Transitive",
        "resolved": "6.1.3",
        "contentHash": "zBj/BndzPZADUO4Kg7LHUS38KAHRohFz9ni7zELxDMkP/JqHUtldwaOcDxOXQhcNqHd7LtkwkIjztU+v5JwCGg==",
        "dependencies": {
          "FSharp.Core": "8.0.301",
          "Fake.Core.Environment": "6.1.3",
          "Fake.Core.FakeVar": "6.1.3"
        }
      },
      "Fake.IO.FileSystem": {
        "type": "Transitive",
        "resolved": "6.1.3",
        "contentHash": "zQH/7eZWCmnrxfj2UGq5lMP+e6dqtEFimrVchDwOLneKyoA5+sDihL8CnJ6FRcIDkiSp4S2WHvNG2iNiZaVJxA==",
        "dependencies": {
          "FSharp.Core": "8.0.301",
          "Fake.Core.String": "6.1.3",
          "Fake.Core.Trace": "6.1.3"
        }
      },
      "FSharp.Control.AsyncSeq": {
        "type": "Transitive",
        "resolved": "3.2.1",
        "contentHash": "bkCq5ZOVeyvyS7sjv95tsyMNLQJ+F0Sj8E3wJQLwvCqd18XQVCV7BxclgUg72m2Z12rL2bLd09Vg69Ifcb365Q==",
        "dependencies": {
          "FSharp.Core": "4.7.2",
          "Microsoft.Bcl.AsyncInterfaces": "5.0.0"
        }
      },
      "FSharp.SystemTextJson": {
        "type": "Transitive",
        "resolved": "1.4.36",
        "contentHash": "1xLk0SBF1nedD74B77rcArjD2d+DeZwbNI7BVCAyKwIBERo1VoX8Mf4AtX0OV2L3ZeM/XS1b6BuhXCyoh0KBnw==",
        "dependencies": {
          "FSharp.Core": "4.7.0"
        }
      },
      "Microsoft.ApplicationInsights": {
        "type": "Transitive",
        "resolved": "2.23.0",
        "contentHash": "nWArUZTdU7iqZLycLKWe0TDms48KKGE6pONH2terYNa8REXiqixrMOkf1sk5DHGMaUTqONU2YkS4SAXBhLStgw=="
      },
      "Microsoft.Bcl.AsyncInterfaces": {
        "type": "Transitive",
        "resolved": "5.0.0",
        "contentHash": "W8DPQjkMScOMTtJbPwmPyj9c3zYSFGawDW3jwlBOOsnY+EzZFLgNQ/UMkK35JmkNOVPdCyPr2Tw7Vv9N+KA3ZQ=="
      },
      "Microsoft.CodeCoverage": {
        "type": "Transitive",
        "resolved": "18.0.1",
        "contentHash": "O+utSr97NAJowIQT/OVp3Lh9QgW/wALVTP4RG1m2AfFP4IyJmJz0ZBmFJUsRQiAPgq6IRC0t8AAzsiPIsaUDEA=="
      },
      "Microsoft.Testing.Extensions.Telemetry": {
        "type": "Transitive",
        "resolved": "1.9.0",
        "contentHash": "4ica7o+ZreUCsXoQLShWeLz6K5q9D/B+VgXvmpPSLsnSpK4DLZfMyltBaBr83Tnm21c1riOKcXXEk920Ael17Q==",
        "dependencies": {
          "Microsoft.ApplicationInsights": "2.23.0",
          "Microsoft.Testing.Platform": "1.9.0"
        }
      },
      "Microsoft.Testing.Extensions.TrxReport.Abstractions": {
        "type": "Transitive",
        "resolved": "1.9.0",
        "contentHash": "ZC7Xwva/+dREnZ5BU0gozA1uT2cFwt90uY9maPLy1lLpiedR/Fu3K2FiwLg70hJjT+tGblYmxzuNa8z1jQVSGw==",
        "dependencies": {
          "Microsoft.Testing.Platform": "1.9.0"
        }
      },
      "Microsoft.Testing.Extensions.VSTestBridge": {
        "type": "Transitive",
        "resolved": "1.9.0",
        "contentHash": "g5WN9QEMaEkdnWqouF6EsK46pX1vHmekQyOlehDtNl5e8PXu1ZffCqVKM74pQsh7HfCb3FKjzoZUrUJB9E75zQ==",
        "dependencies": {
          "Microsoft.TestPlatform.AdapterUtilities": "17.13.0",
          "Microsoft.TestPlatform.ObjectModel": "17.13.0",
          "Microsoft.Testing.Extensions.Telemetry": "1.9.0",
          "Microsoft.Testing.Extensions.TrxReport.Abstractions": "1.9.0",
          "Microsoft.Testing.Platform": "1.9.0"
        }
      },
      "Microsoft.Testing.Platform": {
        "type": "Transitive",
        "resolved": "1.9.0",
        "contentHash": "OE79Vc5rXwFYciAPY/mqv92XvdhK+pvCHdVHcS0bBpWwWQbnzI18FiSEEYY+lYpB0HHl0fDQgcCK3ZTYKGs8bA=="
      },
      "Microsoft.Testing.Platform.MSBuild": {
        "type": "Transitive",
        "resolved": "1.9.0",
        "contentHash": "P7c0HfBJ/AqKyRfmaA+cyl8I9jxDEyvQRJvMUH5IZCjACTPQ9wXb0xdA0CmcxhBUtm20GxWvx2fq3fMxG11hDg==",
        "dependencies": {
          "Microsoft.Testing.Platform": "1.9.0"
        }
      },
      "Microsoft.TestPlatform.AdapterUtilities": {
        "type": "Transitive",
        "resolved": "17.13.0",
        "contentHash": "bFZ3uAhosdXjyXKURDQy37fPosCJQwedB5DG/SzsXL1QXsrfsIYty2kQMqCRRUqm8sBZBRHWRp4BT9SmpWXcKQ=="
      },
      "Microsoft.TestPlatform.ObjectModel": {
        "type": "Transitive",
        "resolved": "18.0.1",
        "contentHash": "qT/mwMcLF9BieRkzOBPL2qCopl8hQu6A1P7JWAoj/FMu5i9vds/7cjbJ/LLtaiwWevWLAeD5v5wjQJ/l6jvhWQ=="
      },
      "Microsoft.TestPlatform.TestHost": {
        "type": "Transitive",
        "resolved": "18.0.1",
        "contentHash": "uDJKAEjFTaa2wHdWlfo6ektyoh+WD4/Eesrwb4FpBFKsLGehhACVnwwTI4qD3FrIlIEPlxdXg3SyrYRIcO+RRQ==",
        "dependencies": {
          "Microsoft.TestPlatform.ObjectModel": "18.0.1",
          "Newtonsoft.Json": "13.0.3"
        }
      },
      "Mono.Cecil": {
        "type": "Transitive",
        "resolved": "0.11.4",
        "contentHash": "IC1h5g0NeJGHIUgzM1P82ld57knhP0IcQfrYITDPXlNpMYGUrsG5TxuaWTjaeqDNQMBDNZkB8L0rBnwsY6JHuQ=="
      },
      "Newtonsoft.Json": {
        "type": "Transitive",
        "resolved": "13.0.3",
        "contentHash": "HrC5BXdl00IP9zeV+0Z848QWPAoCr9P3bDEZguI+gkLcBKAOxix/tLEAAHC+UvDNPv4a2d18lOReHMOagPa+zQ=="
      },
      "Tomlyn": {
        "type": "Transitive",
        "resolved": "0.19.0",
        "contentHash": "GlI2o8R8jbZIaE+YX6uA/VoAOH7zIxYeqxDm7jHW2hqUhuB+q19oKold35FkMuv8IZDoCqsTMolaBv2eBLBmrQ=="
      },
      "queil.ring.client.fsharp": {
        "type": "Project",
        "dependencies": {
          "FSharp.Control.AsyncSeq": "[3.2.1, )",
          "FSharp.Core": "[10.0.100, )",
          "Queil.Ring.Protocol": "[1.0.0, )"
        }
      },
      "queil.ring.configuration": {
        "type": "Project",
        "dependencies": {
          "Tomlyn": "[0.*, )"
        }
      },
      "queil.ring.protocol": {
        "type": "Project"
      }
    }
  }
}