{
  "version": 1,
  "dependencies": {
    "net8.0": {
      "ErrorProne.NET.Structs": {
        "type": "Direct",
        "requested": "[0.6.1-beta.1, )",
        "resolved": "0.6.1-beta.1",
        "contentHash": "NE/uA2yqAu3CqP0IHa8Cnn4tu87/KOBdkkec4w82ttatWYak1ewFda3pC7Qq0Sdz6vrq/Q+CyGqPrn//y6wLZg=="
      }
    }
  }
}